PODS:
  - Realm (10.20.1):
    - Realm/Headers (= 10.20.1)
  - Realm/Headers (10.20.1)
  - TOCropViewController (2.6.0)

DEPENDENCIES:
  - Realm
  - TOCropViewController

SPEC REPOS:
  trunk:
    - Realm
    - TOCropViewController

SPEC CHECKSUMS:
  Realm: fac5ecd031fcb81171627b74944c885662d4b266
  TOCropViewController: 3105367e808b7d3d886a74ff59bf4804e7d3ab38

PODFILE CHECKSUM: 426c810156907a82b26b34c70f7c3b02406d77c9

COCOAPODS: 1.10.1
